// !$*UTF8*$!
{
	archiveVersion = 1;
	classes = {
	};
	objectVersion = 46;
	objects = {

/* Begin PBXBuildFile section */
		AE2BB4741F759D7B006F5956 /* AppDelegate.swift in Sources */ = {isa = PBXBuildFile; fileRef = AE2BB4731F759D7B006F5956 /* AppDelegate.swift */; };
		AE2BB4761F759D7B006F5956 /* ViewController.swift in Sources */ = {isa = PBXBuildFile; fileRef = AE2BB4751F759D7B006F5956 /* ViewController.swift */; };
		AE2BB4791F759D7B006F5956 /* Main.storyboard in Resources */ = {isa = PBXBuildFile; fileRef = AE2BB4771F759D7B006F5956 /* Main.storyboard */; };
		AE2BB47C1F759D7B006F5956 /* SoundBoard.xcdatamodeld in Sources */ = {isa = PBXBuildFile; fileRef = AE2BB47A1F759D7B006F5956 /* SoundBoard.xcdatamodeld */; };
		AE2BB47E1F759D7B006F5956 /* Assets.xcassets in Resources */ = {isa = PBXBuildFile; fileRef = AE2BB47D1F759D7B006F5956 /* Assets.xcassets */; };
		AE2BB4811F759D7B006F5956 /* LaunchScreen.storyboard in Resources */ = {isa = PBXBuildFile; fileRef = AE2BB47F1F759D7B006F5956 /* LaunchScreen.storyboard */; };
		AE2BB4891F759F84006F5956 /* SoundViewController.swift in Sources */ = {isa = PBXBuildFile; fileRef = AE2BB4881F759F84006F5956 /* SoundViewController.swift */; };
/* End PBXBuildFile section */

/* Begin PBXFileReference section */
		AE2BB4701F759D7B006F5956 /* SoundBoard.app */ = {isa = PBXFileReference; explicitFileType = wrapper.application; includeInIndex = 0; path = SoundBoard.app; sourceTree = BUILT_PRODUCTS_DIR; };
		AE2BB4731F759D7B006F5956 /* AppDelegate.swift */ = {isa = PBXFileReference; lastKnownFileType = sourcecode.swift; path = AppDelegate.swift; sourceTree = "<group>"; };
		AE2BB4751F759D7B006F5956 /* ViewController.swift */ = {isa = PBXFileReference; lastKnownFileType = sourcecode.swift; path = ViewController.swift; sourceTree = "<group>"; };
		AE2BB4781F759D7B006F5956 /* Base */ = {isa = PBXFileReference; lastKnownFileType = file.storyboard; name = Base; path = Base.lproj/Main.storyboard; sourceTree = "<group>"; };
		AE2BB47B1F759D7B006F5956 /* SoundBoard.xcdatamodel */ = {isa = PBXFileReference; lastKnownFileType = wrapper.xcdatamodel; path = SoundBoard.xcdatamodel; sourceTree = "<group>"; };
		AE2BB47D1F759D7B006F5956 /* Assets.xcassets */ = {isa = PBXFileReference; lastKnownFileType = folder.assetcatalog; path = Assets.xcassets; sourceTree = "<group>"; };
		AE2BB4801F759D7B006F5956 /* Base */ = {isa = PBXFileReference; lastKnownFileType = file.storyboard; name = Base; path = Base.lproj/LaunchScreen.storyboard; sourceTree = "<group>"; };
		AE2BB4821F759D7B006F5956 /* Info.plist */ = {isa = PBXFileReference; lastKnownFileType = text.plist.xml; path = Info.plist; sourceTree = "<group>"; };
		AE2BB4881F759F84006F5956 /* SoundViewController.swift */ = {isa = PBXFileReference; fileEncoding = 4; lastKnownFileType = sourcecode.swift; path = SoundViewController.swift; sourceTree = "<group>"; };
/* End PBXFileReference section */

/* Begin PBXFrameworksBuildPhase section */
		AE2BB46D1F759D7B006F5956 /* Frameworks */ = {
			isa = PBXFrameworksBuildPhase;
			buildActionMask = 2147483647;
			files = (
			);
			runOnlyForDeploymentPostprocessing = 0;
		};
/* End PBXFrameworksBuildPhase section */

/* Begin PBXGroup section */
		AE2BB4671F759D7B006F5956 = {
			isa = PBXGroup;
			children = (
				AE2BB4721F759D7B006F5956 /* SoundBoard */,
				AE2BB4711F759D7B006F5956 /* Products */,
			);
			sourceTree = "<group>";
		};
		AE2BB4711F759D7B006F5956 /* Products */ = {
			isa = PBXGroup;
			children = (
				AE2BB4701F759D7B006F5956 /* SoundBoard.app */,
			);
			name = Products;
			sourceTree = "<group>";
		};
		AE2BB4721F759D7B006F5956 /* SoundBoard */ = {
			isa = PBXGroup;
			children = (
				AE2BB4731F759D7B006F5956 /* AppDelegate.swift */,
				AE2BB4751F759D7B006F5956 /* ViewController.swift */,
				AE2BB4771F759D7B006F5956 /* Main.storyboard */,
				AE2BB4881F759F84006F5956 /* SoundViewController.swift */,
				AE2BB47D1F759D7B006F5956 /* Assets.xcassets */,
				AE2BB47F1F759D7B006F5956 /* LaunchScreen.storyboard */,
				AE2BB4821F759D7B006F5956 /* Info.plist */,
				AE2BB47A1F759D7B006F5956 /* SoundBoard.xcdatamodeld */,
			);
			path = SoundBoard;
			sourceTree = "<group>";
		};
/* End PBXGroup section */

/* Begin PBXNativeTarget section */
		AE2BB46F1F759D7B006F5956 /* SoundBoard */ = {
			isa = PBXNativeTarget;
			buildConfigurationList = AE2BB4851F759D7B006F5956 /* Build configuration list for PBXNativeTarget "SoundBoard" */;
			buildPhases = (
				AE2BB46C1F759D7B006F5956 /* Sources */,
				AE2BB46D1F759D7B006F5956 /* Frameworks */,
				AE2BB46E1F759D7B006F5956 /* Resources */,
			);
			buildRules = (
			);
			dependencies = (
			);
			name = SoundBoard;
			productName = SoundBoard;
			productReference = AE2BB4701F759D7B006F5956 /* SoundBoard.app */;
			productType = "com.apple.product-type.application";
		};
/* End PBXNativeTarget section */

/* Begin PBXProject section */
		AE2BB4681F759D7B006F5956 /* Project object */ = {
			isa = PBXProject;
			attributes = {
				LastSwiftUpdateCheck = 0830;
				LastUpgradeCheck = 0830;
				ORGANIZATIONNAME = "Connor Jennison";
				TargetAttributes = {
					AE2BB46F1F759D7B006F5956 = {
						CreatedOnToolsVersion = 8.3.3;
						DevelopmentTeam = F8D722Y3KG;
						ProvisioningStyle = Automatic;
					};
				};
			};
			buildConfigurationList = AE2BB46B1F759D7B006F5956 /* Build configuration list for PBXProject "SoundBoard" */;
			compatibilityVersion = "Xcode 3.2";
			developmentRegion = English;
			hasScannedForEncodings = 0;
			knownRegions = (
				en,
				Base,
			);
			mainGroup = AE2BB4671F759D7B006F5956;
			productRefGroup = AE2BB4711F759D7B006F5956 /* Products */;
			projectDirPath = "";
			projectRoot = "";
			targets = (
				AE2BB46F1F759D7B006F5956 /* SoundBoard */,
			);
		};
/* End PBXProject section */

/* Begin PBXResourcesBuildPhase section */
		AE2BB46E1F759D7B006F5956 /* Resources */ = {
			isa = PBXResourcesBuildPhase;
			buildActionMask = 2147483647;
			files = (
				AE2BB4811F759D7B006F5956 /* LaunchScreen.storyboard in Resources */,
				AE2BB47E1F759D7B006F5956 /* Assets.xcassets in Resources */,
				AE2BB4791F759D7B006F5956 /* Main.storyboard in Resources */,
			);
			runOnlyForDeploymentPostprocessing = 0;
		};
/* End PBXResourcesBuildPhase section */

/* Begin PBXSourcesBuildPhase section */
		AE2BB46C1F759D7B006F5956 /* Sources */ = {
			isa = PBXSourcesBuildPhase;
			buildActionMask = 2147483647;
			files = (
				AE2BB4891F759F84006F5956 /* SoundViewController.swift in Sources */,
				AE2BB47C1F759D7B006F5956 /* SoundBoard.xcdatamodeld in Sources */,
				AE2BB4761F759D7B006F5956 /* ViewController.swift in Sources */,
				AE2BB4741F759D7B006F5956 /* AppDelegate.swift in Sources */,
			);
			runOnlyForDeploymentPostprocessing = 0;
		};
/* End PBXSourcesBuildPhase section */

/* Begin PBXVariantGroup section */
		AE2BB4771F759D7B006F5956 /* Main.storyboard */ = {
			isa = PBXVariantGroup;
			children = (
				AE2BB4781F759D7B006F5956 /* Base */,
			);
			name = Main.storyboard;
			sourceTree = "<group>";
		};
		AE2BB47F1F759D7B006F5956 /* LaunchScreen.storyboard */ = {
			isa = PBXVariantGroup;
			children = (
				AE2BB4801F759D7B006F5956 /* Base */,
			);
			name = LaunchScreen.storyboard;
			sourceTree = "<group>";
		};
/* End PBXVariantGroup section */

/* Begin XCBuildConfiguration section */
		AE2BB4831F759D7B006F5956 /* Debug */ = {
			isa = XCBuildConfiguration;
			buildSettings = {
				ALWAYS_SEARCH_USER_PATHS = NO;
				CLANG_ANALYZER_NONNULL = YES;
				CLANG_ANALYZER_NUMBER_OBJECT_CONVERSION = YES_AGGRESSIVE;
				CLANG_CXX_LANGUAGE_STANDARD = "gnu++0x";
				CLANG_CXX_LIBRARY = "libc++";
				CLANG_ENABLE_MODULES = YES;
				CLANG_ENABLE_OBJC_ARC = YES;
				CLANG_WARN_BOOL_CONVERSION = YES;
				CLANG_WARN_CONSTANT_CONVERSION = YES;
				CLANG_WARN_DIRECT_OBJC_ISA_USAGE = YES_ERROR;
				CLANG_WARN_DOCUMENTATION_COMMENTS = YES;
				CLANG_WARN_EMPTY_BODY = YES;
				CLANG_WARN_ENUM_CONVERSION = YES;
				CLANG_WARN_INFINITE_RECURSION = YES;
				CLANG_WARN_INT_CONVERSION = YES;
				CLANG_WARN_OBJC_ROOT_CLASS = YES_ERROR;
				CLANG_WARN_SUSPICIOUS_MOVE = YES;
				CLANG_WARN_UNREACHABLE_CODE = YES;
				CLANG_WARN__DUPLICATE_METHOD_MATCH = YES;
				"CODE_SIGN_IDENTITY[sdk=iphoneos*]" = "iPhone Developer";
				COPY_PHASE_STRIP = NO;
				DEBUG_INFORMATION_FORMAT = dwarf;
				ENABLE_STRICT_OBJC_MSGSEND = YES;
				ENABLE_TESTABILITY = YES;
				GCC_C_LANGUAGE_STANDARD = gnu99;
				GCC_DYNAMIC_NO_PIC = NO;
				GCC_NO_COMMON_BLOCKS = YES;
				GCC_OPTIMIZATION_LEVEL = 0;
				GCC_PREPROCESSOR_DEFINITIONS = (
					"DEBUG=1",
					"$(inherited)",
				);
				GCC_WARN_64_TO_32_BIT_CONVERSION = YES;
				GCC_WARN_ABOUT_RETURN_TYPE = YES_ERROR;
				GCC_WARN_UNDECLARED_SELECTOR = YES;
				GCC_WARN_UNINITIALIZED_AUTOS = YES_AGGRESSIVE;
				GCC_WARN_UNUSED_FUNCTION = YES;
				GCC_WARN_UNUSED_VARIABLE = YES;
				IPHONEOS_DEPLOYMENT_TARGET = 10.3;
				MTL_ENABLE_DEBUG_INFO = YES;
				ONLY_ACTIVE_ARCH = YES;
				SDKROOT = iphoneos;
				SWIFT_ACTIVE_COMPILATION_CONDITIONS = DEBUG;
				SWIFT_OPTIMIZATION_LEVEL = "-Onone";
				TARGETED_DEVICE_FAMILY = "1,2";
			};
			name = Debug;
		};
		AE2BB4841F759D7B006F5956 /* Release */ = {
			isa = XCBuildConfiguration;
			buildSettings = {
				ALWAYS_SEARCH_USER_PATHS = NO;
				CLANG_ANALYZER_NONNULL = YES;
				CLANG_ANALYZER_NUMBER_OBJECT_CONVERSION = YES_AGGRESSIVE;
				CLANG_CXX_LANGUAGE_STANDARD = "gnu++0x";
				CLANG_CXX_LIBRARY = "libc++";
				CLANG_ENABLE_MODULES = YES;
				CLANG_ENABLE_OBJC_ARC = YES;
				CLANG_WARN_BOOL_CONVERSION = YES;
				CLANG_WARN_CONSTANT_CONVERSION = YES;
				CLANG_WARN_DIRECT_OBJC_ISA_USAGE = YES_ERROR;
				CLANG_WARN_DOCUMENTATION_COMMENTS = YES;
				CLANG_WARN_EMPTY_BODY = YES;
				CLANG_WARN_ENUM_CONVERSION = YES;
				CLANG_WARN_INFINITE_RECURSION = YES;
				CLANG_WARN_INT_CONVERSION = YES;
				CLANG_WARN_OBJC_ROOT_CLASS = YES_ERROR;
				CLANG_WARN_SUSPICIOUS_MOVE = YES;
				CLANG_WARN_UNREACHABLE_CODE = YES;
				CLANG_WARN__DUPLICATE_METHOD_MATCH = YES;
				"CODE_SIGN_IDENTITY[sdk=iphoneos*]" = "iPhone Developer";
				COPY_PHASE_STRIP = NO;
				DEBUG_INFORMATION_FORMAT = "dwarf-with-dsym";
				ENABLE_NS_ASSERTIONS = NO;
				ENABLE_STRICT_OBJC_MSGSEND = YES;
				GCC_C_LANGUAGE_STANDARD = gnu99;
				GCC_NO_COMMON_BLOCKS = YES;
				GCC_WARN_64_TO_32_BIT_CONVERSION = YES;
				GCC_WARN_ABOUT_RETURN_TYPE = YES_ERROR;
				GCC_WARN_UNDECLARED_SELECTOR = YES;
				GCC_WARN_UNINITIALIZED_AUTOS = YES_AGGRESSIVE;
				GCC_WARN_UNUSED_FUNCTION = YES;
				GCC_WARN_UNUSED_VARIABLE = YES;
				IPHONEOS_DEPLOYMENT_TARGET = 10.3;
				MTL_ENABLE_DEBUG_INFO = NO;
				SDKROOT = iphoneos;
				SWIFT_OPTIMIZATION_LEVEL = "-Owholemodule";
				TARGETED_DEVICE_FAMILY = "1,2";
				VALIDATE_PRODUCT = YES;
			};
			name = Release;
		};
		AE2BB4861F759D7B006F5956 /* Debug */ = {
			isa = XCBuildConfiguration;
			buildSettings = {
				ASSETCATALOG_COMPILER_APPICON_NAME = AppIcon;
				DEVELOPMENT_TEAM = F8D722Y3KG;
				INFOPLIST_FILE = SoundBoard/Info.plist;
				LD_RUNPATH_SEARCH_PATHS = "$(inherited) @executable_path/Frameworks";
				PRODUCT_BUNDLE_IDENTIFIER = connorjennison.SoundBoard;
				PRODUCT_NAME = "$(TARGET_NAME)";
				SWIFT_VERSION = 3.0;
			};
			name = Debug;
		};
		AE2BB4871F759D7B006F5956 /* Release */ = {
			isa = XCBuildConfiguration;
			buildSettings = {
				ASSETCATALOG_COMPILER_APPICON_NAME = AppIcon;
				DEVELOPMENT_TEAM = F8D722Y3KG;
				INFOPLIST_FILE = SoundBoard/Info.plist;
				LD_RUNPATH_SEARCH_PATHS = "$(inherited) @executable_path/Frameworks";
				PRODUCT_BUNDLE_IDENTIFIER = connorjennison.SoundBoard;
				PRODUCT_NAME = "$(TARGET_NAME)";
				SWIFT_VERSION = 3.0;
			};
			name = Release;
		};
/* End XCBuildConfiguration section */

/* Begin XCConfigurationList section */
		AE2BB46B1F759D7B006F5956 /* Build configuration list for PBXProject "SoundBoard" */ = {
			isa = XCConfigurationList;
			buildConfigurations = (
				AE2BB4831F759D7B006F5956 /* Debug */,
				AE2BB4841F759D7B006F5956 /* Release */,
			);
			defaultConfigurationIsVisible = 0;
			defaultConfigurationName = Release;
		};
		AE2BB4851F759D7B006F5956 /* Build configuration list for PBXNativeTarget "SoundBoard" */ = {
			isa = XCConfigurationList;
			buildConfigurations = (
				AE2BB4861F759D7B006F5956 /* Debug */,
				AE2BB4871F759D7B006F5956 /* Release */,
			);
			defaultConfigurationIsVisible = 0;
		};
/* End XCConfigurationList section */

/* Begin XCVersionGroup section */
		AE2BB47A1F759D7B006F5956 /* SoundBoard.xcdatamodeld */ = {
			isa = XCVersionGroup;
			children = (
				AE2BB47B1F759D7B006F5956 /* SoundBoard.xcdatamodel */,
			);
			currentVersion = AE2BB47B1F759D7B006F5956 /* SoundBoard.xcdatamodel */;
			path = SoundBoard.xcdatamodeld;
			sourceTree = "<group>";
			versionGroupType = wrapper.xcdatamodel;
		};
/* End XCVersionGroup section */
	};
	rootObject = AE2BB4681F759D7B006F5956 /* Project object */;
}
